{
  "object": {
    "pins": [
      {
        "package": "SDWebImage",
        "repositoryURL": "https://github.com/SDWebImage/SDWebImage.git",
        "state": {
          "branch": null,
          "revision": "80683c20d8f15e10ac1ce605cca5008a295846bd",
          "version": "5.14.1"
        }
      }
    ]
  },
  "version": 1
}
